// !$*UTF8*$!
{
	archiveVersion = 1;
	classes = {
	};
	objectVersion = 46;
	objects = {

/* Begin PBXBuildFile section */
		7A2D33071DE44ABA000EE7BF /* ZCTabBarController.m in Sources */ = {isa = PBXBuildFile; fileRef = 7A2D33061DE44ABA000EE7BF /* ZCTabBarController.m */; };
		7A2D330A1DE44B45000EE7BF /* ZCConfigViewController.m in Sources */ = {isa = PBXBuildFile; fileRef = 7A2D33091DE44B45000EE7BF /* ZCConfigViewController.m */; };
		7A2D33DD1DE45E29000EE7BF /* P3.framework in Frameworks */ = {isa = PBXBuildFile; fileRef = 7A2D33DC1DE45E29000EE7BF /* P3.framework */; };
		ADC889A01D61DDEC00B32B1A /* main.m in Sources */ = {isa = PBXBuildFile; fileRef = ADC8899F1D61DDEC00B32B1A /* main.m */; };
		ADC889A31D61DDEC00B32B1A /* AppDelegate.m in Sources */ = {isa = PBXBuildFile; fileRef = ADC889A21D61DDEC00B32B1A /* AppDelegate.m */; };
		ADC889A61D61DDEC00B32B1A /* ViewController.m in Sources */ = {isa = PBXBuildFile; fileRef = ADC889A51D61DDEC00B32B1A /* ViewController.m */; };
		ADC889A91D61DDEC00B32B1A /* Main.storyboard in Resources */ = {isa = PBXBuildFile; fileRef = ADC889A71D61DDEC00B32B1A /* Main.storyboard */; };
		ADC889AB1D61DDEC00B32B1A /* Assets.xcassets in Resources */ = {isa = PBXBuildFile; fileRef = ADC889AA1D61DDEC00B32B1A /* Assets.xcassets */; };
		ADC889AE1D61DDEC00B32B1A /* LaunchScreen.storyboard in Resources */ = {isa = PBXBuildFile; fileRef = ADC889AC1D61DDEC00B32B1A /* LaunchScreen.storyboard */; };
		ADEF7B701D62FBD4007636D6 /* P1.framework in Frameworks */ = {isa = PBXBuildFile; fileRef = ADEF7B6F1D62FBD4007636D6 /* P1.framework */; };
		ADEF7B721D62FBDA007636D6 /* PublicContext.framework in Frameworks */ = {isa = PBXBuildFile; fileRef = ADEF7B711D62FBDA007636D6 /* PublicContext.framework */; };
		ADEF7B741D62FBDD007636D6 /* P2.framework in Frameworks */ = {isa = PBXBuildFile; fileRef = ADEF7B731D62FBDD007636D6 /* P2.framework */; };
/* End PBXBuildFile section */

/* Begin PBXFileReference section */
		7A2D33051DE44ABA000EE7BF /* ZCTabBarController.h */ = {isa = PBXFileReference; fileEncoding = 4; lastKnownFileType = sourcecode.c.h; path = ZCTabBarController.h; sourceTree = "<group>"; };
		7A2D33061DE44ABA000EE7BF /* ZCTabBarController.m */ = {isa = PBXFileReference; fileEncoding = 4; lastKnownFileType = sourcecode.c.objc; path = ZCTabBarController.m; sourceTree = "<group>"; };
		7A2D33081DE44B45000EE7BF /* ZCConfigViewController.h */ = {isa = PBXFileReference; fileEncoding = 4; lastKnownFileType = sourcecode.c.h; path = ZCConfigViewController.h; sourceTree = "<group>"; };
		7A2D33091DE44B45000EE7BF /* ZCConfigViewController.m */ = {isa = PBXFileReference; fileEncoding = 4; lastKnownFileType = sourcecode.c.objc; path = ZCConfigViewController.m; sourceTree = "<group>"; };
		7A2D33DC1DE45E29000EE7BF /* P3.framework */ = {isa = PBXFileReference; lastKnownFileType = wrapper.framework; name = P3.framework; path = "../../../Library/Developer/Xcode/DerivedData/MultiProject-dcgqihaleimqwmadflrsatejicvc/Build/Products/Debug-iphoneos/P3.framework"; sourceTree = "<group>"; };
		ADC8899B1D61DDEC00B32B1A /* MainProject.app */ = {isa = PBXFileReference; explicitFileType = wrapper.application; includeInIndex = 0; path = MainProject.app; sourceTree = BUILT_PRODUCTS_DIR; };
		ADC8899F1D61DDEC00B32B1A /* main.m */ = {isa = PBXFileReference; lastKnownFileType = sourcecode.c.objc; path = main.m; sourceTree = "<group>"; };
		ADC889A11D61DDEC00B32B1A /* AppDelegate.h */ = {isa = PBXFileReference; lastKnownFileType = sourcecode.c.h; path = AppDelegate.h; sourceTree = "<group>"; };
		ADC889A21D61DDEC00B32B1A /* AppDelegate.m */ = {isa = PBXFileReference; lastKnownFileType = sourcecode.c.objc; path = AppDelegate.m; sourceTree = "<group>"; };
		ADC889A41D61DDEC00B32B1A /* ViewController.h */ = {isa = PBXFileReference; lastKnownFileType = sourcecode.c.h; path = ViewController.h; sourceTree = "<group>"; };
		ADC889A51D61DDEC00B32B1A /* ViewController.m */ = {isa = PBXFileReference; lastKnownFileType = sourcecode.c.objc; path = ViewController.m; sourceTree = "<group>"; };
		ADC889A81D61DDEC00B32B1A /* Base */ = {isa = PBXFileReference; lastKnownFileType = file.storyboard; name = Base; path = Base.lproj/Main.storyboard; sourceTree = "<group>"; };
		ADC889AA1D61DDEC00B32B1A /* Assets.xcassets */ = {isa = PBXFileReference; lastKnownFileType = folder.assetcatalog; path = Assets.xcassets; sourceTree = "<group>"; };
		ADC889AD1D61DDEC00B32B1A /* Base */ = {isa = PBXFileReference; lastKnownFileType = file.storyboard; name = Base; path = Base.lproj/LaunchScreen.storyboard; sourceTree = "<group>"; };
		ADC889AF1D61DDEC00B32B1A /* Info.plist */ = {isa = PBXFileReference; lastKnownFileType = text.plist.xml; path = Info.plist; sourceTree = "<group>"; };
		ADEF7B6F1D62FBD4007636D6 /* P1.framework */ = {isa = PBXFileReference; lastKnownFileType = wrapper.framework; name = P1.framework; path = "../../Library/Developer/Xcode/DerivedData/MultiProject-disxwontjyqagqerodklgypdtjzm/Build/Products/Debug-iphoneos/P1.framework"; sourceTree = "<group>"; };
		ADEF7B711D62FBDA007636D6 /* PublicContext.framework */ = {isa = PBXFileReference; lastKnownFileType = wrapper.framework; name = PublicContext.framework; path = "../../Library/Developer/Xcode/DerivedData/MultiProject-disxwontjyqagqerodklgypdtjzm/Build/Products/Debug-iphoneos/PublicContext.framework"; sourceTree = "<group>"; };
		ADEF7B731D62FBDD007636D6 /* P2.framework */ = {isa = PBXFileReference; lastKnownFileType = wrapper.framework; name = P2.framework; path = "../../Library/Developer/Xcode/DerivedData/MultiProject-disxwontjyqagqerodklgypdtjzm/Build/Products/Debug-iphoneos/P2.framework"; sourceTree = "<group>"; };
/* End PBXFileReference section */

/* Begin PBXFrameworksBuildPhase section */
		ADC889981D61DDEC00B32B1A /* Frameworks */ = {
			isa = PBXFrameworksBuildPhase;
			buildActionMask = 2147483647;
			files = (
				7A2D33DD1DE45E29000EE7BF /* P3.framework in Frameworks */,
				ADEF7B741D62FBDD007636D6 /* P2.framework in Frameworks */,
				ADEF7B721D62FBDA007636D6 /* PublicContext.framework in Frameworks */,
				ADEF7B701D62FBD4007636D6 /* P1.framework in Frameworks */,
			);
			runOnlyForDeploymentPostprocessing = 0;
		};
/* End PBXFrameworksBuildPhase section */

/* Begin PBXGroup section */
		ADC889921D61DDEC00B32B1A = {
			isa = PBXGroup;
			children = (
				7A2D33DC1DE45E29000EE7BF /* P3.framework */,
				7A2D33051DE44ABA000EE7BF /* ZCTabBarController.h */,
				7A2D33061DE44ABA000EE7BF /* ZCTabBarController.m */,
				ADEF7B6F1D62FBD4007636D6 /* P1.framework */,
				ADEF7B731D62FBDD007636D6 /* P2.framework */,
				ADEF7B711D62FBDA007636D6 /* PublicContext.framework */,
				ADC8899D1D61DDEC00B32B1A /* MainProject */,
				ADC8899C1D61DDEC00B32B1A /* Products */,
			);
			sourceTree = "<group>";
		};
		ADC8899C1D61DDEC00B32B1A /* Products */ = {
			isa = PBXGroup;
			children = (
				ADC8899B1D61DDEC00B32B1A /* MainProject.app */,
			);
			name = Products;
			sourceTree = "<group>";
		};
		ADC8899D1D61DDEC00B32B1A /* MainProject */ = {
			isa = PBXGroup;
			children = (
				ADC889A11D61DDEC00B32B1A /* AppDelegate.h */,
				ADC889A21D61DDEC00B32B1A /* AppDelegate.m */,
				ADC889A41D61DDEC00B32B1A /* ViewController.h */,
				ADC889A51D61DDEC00B32B1A /* ViewController.m */,
				ADC889A71D61DDEC00B32B1A /* Main.storyboard */,
				ADC889AA1D61DDEC00B32B1A /* Assets.xcassets */,
				ADC889AC1D61DDEC00B32B1A /* LaunchScreen.storyboard */,
				ADC889AF1D61DDEC00B32B1A /* Info.plist */,
				ADC8899E1D61DDEC00B32B1A /* Supporting Files */,
				7A2D33081DE44B45000EE7BF /* ZCConfigViewController.h */,
				7A2D33091DE44B45000EE7BF /* ZCConfigViewController.m */,
			);
			path = MainProject;
			sourceTree = "<group>";
		};
		ADC8899E1D61DDEC00B32B1A /* Supporting Files */ = {
			isa = PBXGroup;
			children = (
				ADC8899F1D61DDEC00B32B1A /* main.m */,
			);
			name = "Supporting Files";
			sourceTree = "<group>";
		};
/* End PBXGroup section */

/* Begin PBXNativeTarget section */
		ADC8899A1D61DDEC00B32B1A /* MainProject */ = {
			isa = PBXNativeTarget;
			buildConfigurationList = ADC889B21D61DDEC00B32B1A /* Build configuration list for PBXNativeTarget "MainProject" */;
			buildPhases = (
				ADC889971D61DDEC00B32B1A /* Sources */,
				ADC889981D61DDEC00B32B1A /* Frameworks */,
				ADC889991D61DDEC00B32B1A /* Resources */,
				ADC88A701D61F71700B32B1A /* ShellScript */,
			);
			buildRules = (
			);
			dependencies = (
			);
			name = MainProject;
			productName = MainProject;
			productReference = ADC8899B1D61DDEC00B32B1A /* MainProject.app */;
			productType = "com.apple.product-type.application";
		};
/* End PBXNativeTarget section */

/* Begin PBXProject section */
		ADC889931D61DDEC00B32B1A /* Project object */ = {
			isa = PBXProject;
			attributes = {
				LastUpgradeCheck = 0720;
				ORGANIZATIONNAME = HTY;
				TargetAttributes = {
					ADC8899A1D61DDEC00B32B1A = {
						CreatedOnToolsVersion = 7.2;
					};
				};
			};
			buildConfigurationList = ADC889961D61DDEC00B32B1A /* Build configuration list for PBXProject "MainProject" */;
			compatibilityVersion = "Xcode 3.2";
			developmentRegion = English;
			hasScannedForEncodings = 0;
			knownRegions = (
				en,
				Base,
			);
			mainGroup = ADC889921D61DDEC00B32B1A;
			productRefGroup = ADC8899C1D61DDEC00B32B1A /* Products */;
			projectDirPath = "";
			projectRoot = "";
			targets = (
				ADC8899A1D61DDEC00B32B1A /* MainProject */,
			);
		};
/* End PBXProject section */

/* Begin PBXResourcesBuildPhase section */
		ADC889991D61DDEC00B32B1A /* Resources */ = {
			isa = PBXResourcesBuildPhase;
			buildActionMask = 2147483647;
			files = (
				ADC889AE1D61DDEC00B32B1A /* LaunchScreen.storyboard in Resources */,
				ADC889AB1D61DDEC00B32B1A /* Assets.xcassets in Resources */,
				ADC889A91D61DDEC00B32B1A /* Main.storyboard in Resources */,
			);
			runOnlyForDeploymentPostprocessing = 0;
		};
/* End PBXResourcesBuildPhase section */

/* Begin PBXShellScriptBuildPhase section */
		ADC88A701D61F71700B32B1A /* ShellScript */ = {
			isa = PBXShellScriptBuildPhase;
			buildActionMask = 2147483647;
			files = (
			);
			inputPaths = (
			);
			outputPaths = (
			);
			runOnlyForDeploymentPostprocessing = 0;
			shellPath = /bin/sh;
			shellScript = "RESOURCE_DIR=${CONFIGURATION_BUILD_DIR}/${UNLOCALIZED_RESOURCES_FOLDER_PATH}\nfor file in `ls ${CONFIGURATION_BUILD_DIR}`;\ndo\nif [[ $file == *.framework ]]\nthen\nframework_name=`echo $file | cut -d \".\" -f 1`\nframework_floder=${CONFIGURATION_BUILD_DIR}/${file}\nif ls ${framework_floder}/ >/dev/null 2>&1\nthen\necho \"copy ${framework_name} resource\"\n\nrsync -avr --copy-links --no-relative --include \"*.nib\" --include \"*.car\" --include \"*.png\"  --exclude \"*\"  ${framework_floder}/ ${RESOURCE_DIR}\nfi\nfi\ndone";
		};
/* End PBXShellScriptBuildPhase section */

/* Begin PBXSourcesBuildPhase section */
		ADC889971D61DDEC00B32B1A /* Sources */ = {
			isa = PBXSourcesBuildPhase;
			buildActionMask = 2147483647;
			files = (
				7A2D33071DE44ABA000EE7BF /* ZCTabBarController.m in Sources */,
				ADC889A61D61DDEC00B32B1A /* ViewController.m in Sources */,
				ADC889A31D61DDEC00B32B1A /* AppDelegate.m in Sources */,
				7A2D330A1DE44B45000EE7BF /* ZCConfigViewController.m in Sources */,
				ADC889A01D61DDEC00B32B1A /* main.m in Sources */,
			);
			runOnlyForDeploymentPostprocessing = 0;
		};
/* End PBXSourcesBuildPhase section */

/* Begin PBXVariantGroup section */
		ADC889A71D61DDEC00B32B1A /* Main.storyboard */ = {
			isa = PBXVariantGroup;
			children = (
				ADC889A81D61DDEC00B32B1A /* Base */,
			);
			name = Main.storyboard;
			sourceTree = "<group>";
		};
		ADC889AC1D61DDEC00B32B1A /* LaunchScreen.storyboard */ = {
			isa = PBXVariantGroup;
			children = (
				ADC889AD1D61DDEC00B32B1A /* Base */,
			);
			name = LaunchScreen.storyboard;
			sourceTree = "<group>";
		};
/* End PBXVariantGroup section */

/* Begin XCBuildConfiguration section */
		ADC889B01D61DDEC00B32B1A /* Debug */ = {
			isa = XCBuildConfiguration;
			buildSettings = {
				ALWAYS_SEARCH_USER_PATHS = NO;
				CLANG_CXX_LANGUAGE_STANDARD = "gnu++0x";
				CLANG_CXX_LIBRARY = "libc++";
				CLANG_ENABLE_MODULES = YES;
				CLANG_ENABLE_OBJC_ARC = YES;
				CLANG_WARN_BOOL_CONVERSION = YES;
				CLANG_WARN_CONSTANT_CONVERSION = YES;
				CLANG_WARN_DIRECT_OBJC_ISA_USAGE = YES_ERROR;
				CLANG_WARN_EMPTY_BODY = YES;
				CLANG_WARN_ENUM_CONVERSION = YES;
				CLANG_WARN_INT_CONVERSION = YES;
				CLANG_WARN_OBJC_ROOT_CLASS = YES_ERROR;
				CLANG_WARN_UNREACHABLE_CODE = YES;
				CLANG_WARN__DUPLICATE_METHOD_MATCH = YES;
				"CODE_SIGN_IDENTITY[sdk=iphoneos*]" = "iPhone Developer";
				COPY_PHASE_STRIP = NO;
				DEBUG_INFORMATION_FORMAT = dwarf;
				ENABLE_STRICT_OBJC_MSGSEND = YES;
				ENABLE_TESTABILITY = YES;
				GCC_C_LANGUAGE_STANDARD = gnu99;
				GCC_DYNAMIC_NO_PIC = NO;
				GCC_NO_COMMON_BLOCKS = YES;
				GCC_OPTIMIZATION_LEVEL = 0;
				GCC_PREPROCESSOR_DEFINITIONS = (
					"DEBUG=1",
					"$(inherited)",
				);
				GCC_WARN_64_TO_32_BIT_CONVERSION = YES;
				GCC_WARN_ABOUT_RETURN_TYPE = YES_ERROR;
				GCC_WARN_UNDECLARED_SELECTOR = YES;
				GCC_WARN_UNINITIALIZED_AUTOS = YES_AGGRESSIVE;
				GCC_WARN_UNUSED_FUNCTION = YES;
				GCC_WARN_UNUSED_VARIABLE = YES;
				IPHONEOS_DEPLOYMENT_TARGET = 9.2;
				MTL_ENABLE_DEBUG_INFO = YES;
				ONLY_ACTIVE_ARCH = YES;
				SDKROOT = iphoneos;
			};
			name = Debug;
		};
		ADC889B11D61DDEC00B32B1A /* Release */ = {
			isa = XCBuildConfiguration;
			buildSettings = {
				ALWAYS_SEARCH_USER_PATHS = NO;
				CLANG_CXX_LANGUAGE_STANDARD = "gnu++0x";
				CLANG_CXX_LIBRARY = "libc++";
				CLANG_ENABLE_MODULES = YES;
				CLANG_ENABLE_OBJC_ARC = YES;
				CLANG_WARN_BOOL_CONVERSION = YES;
				CLANG_WARN_CONSTANT_CONVERSION = YES;
				CLANG_WARN_DIRECT_OBJC_ISA_USAGE = YES_ERROR;
				CLANG_WARN_EMPTY_BODY = YES;
				CLANG_WARN_ENUM_CONVERSION = YES;
				CLANG_WARN_INT_CONVERSION = YES;
				CLANG_WARN_OBJC_ROOT_CLASS = YES_ERROR;
				CLANG_WARN_UNREACHABLE_CODE = YES;
				CLANG_WARN__DUPLICATE_METHOD_MATCH = YES;
				"CODE_SIGN_IDENTITY[sdk=iphoneos*]" = "iPhone Developer";
				COPY_PHASE_STRIP = NO;
				DEBUG_INFORMATION_FORMAT = "dwarf-with-dsym";
				ENABLE_NS_ASSERTIONS = NO;
				ENABLE_STRICT_OBJC_MSGSEND = YES;
				GCC_C_LANGUAGE_STANDARD = gnu99;
				GCC_NO_COMMON_BLOCKS = YES;
				GCC_WARN_64_TO_32_BIT_CONVERSION = YES;
				GCC_WARN_ABOUT_RETURN_TYPE = YES_ERROR;
				GCC_WARN_UNDECLARED_SELECTOR = YES;
				GCC_WARN_UNINITIALIZED_AUTOS = YES_AGGRESSIVE;
				GCC_WARN_UNUSED_FUNCTION = YES;
				GCC_WARN_UNUSED_VARIABLE = YES;
				IPHONEOS_DEPLOYMENT_TARGET = 9.2;
				MTL_ENABLE_DEBUG_INFO = NO;
				SDKROOT = iphoneos;
				VALIDATE_PRODUCT = YES;
			};
			name = Release;
		};
		ADC889B31D61DDEC00B32B1A /* Debug */ = {
			isa = XCBuildConfiguration;
			buildSettings = {
				ASSETCATALOG_COMPILER_APPICON_NAME = AppIcon;
				INFOPLIST_FILE = MainProject/Info.plist;
				LD_RUNPATH_SEARCH_PATHS = "$(inherited) @executable_path/Frameworks";
				OTHER_LDFLAGS = "-ObjC";
				PRODUCT_BUNDLE_IDENTIFIER = KS.MainProject;
				PRODUCT_NAME = "$(TARGET_NAME)";
				USER_HEADER_SEARCH_PATHS = "$(SRCROOT)/../**";
			};
			name = Debug;
		};
		ADC889B41D61DDEC00B32B1A /* Release */ = {
			isa = XCBuildConfiguration;
			buildSettings = {
				ASSETCATALOG_COMPILER_APPICON_NAME = AppIcon;
				INFOPLIST_FILE = MainProject/Info.plist;
				LD_RUNPATH_SEARCH_PATHS = "$(inherited) @executable_path/Frameworks";
				OTHER_LDFLAGS = "-ObjC";
				PRODUCT_BUNDLE_IDENTIFIER = KS.MainProject;
				PRODUCT_NAME = "$(TARGET_NAME)";
				USER_HEADER_SEARCH_PATHS = "$(SRCROOT)/../**";
			};
			name = Release;
		};
/* End XCBuildConfiguration section */

/* Begin XCConfigurationList section */
		ADC889961D61DDEC00B32B1A /* Build configuration list for PBXProject "MainProject" */ = {
			isa = XCConfigurationList;
			buildConfigurations = (
				ADC889B01D61DDEC00B32B1A /* Debug */,
				ADC889B11D61DDEC00B32B1A /* Release */,
			);
			defaultConfigurationIsVisible = 0;
			defaultConfigurationName = Release;
		};
		ADC889B21D61DDEC00B32B1A /* Build configuration list for PBXNativeTarget "MainProject" */ = {
			isa = XCConfigurationList;
			buildConfigurations = (
				ADC889B31D61DDEC00B32B1A /* Debug */,
				ADC889B41D61DDEC00B32B1A /* Release */,
			);
			defaultConfigurationIsVisible = 0;
			defaultConfigurationName = Release;
		};
/* End XCConfigurationList section */
	};
	rootObject = ADC889931D61DDEC00B32B1A /* Project object */;
}
